
Microsoft Visual Studio Solution File, Format Version 12.00
# Visual Studio 14
VisualStudioVersion = 14.0.25420.1
MinimumVisualStudioVersion = 10.0.40219.1
Project("{FAE04EC0-301F-11D3-BF4B-00C04F79EFBC}") = "CalculatorApp", "CalculatorApp\CalculatorApp\CalculatorApp.csproj", "{C0CC47E1-FB2F-4047-B0D0-0EDF35326726}"
EndProject
Project("{FAE04EC0-301F-11D3-BF4B-00C04F79EFBC}") = "CalculatorApp.Droid", "CalculatorApp\CalculatorApp.Droid\CalculatorApp.Droid.csproj", "{5A2AB06F-6D11-4CFE-AA24-0B844F6E18D1}"
EndProject
Project("{FAE04EC0-301F-11D3-BF4B-00C04F79EFBC}") = "CalculatorApp.iOS", "CalculatorApp\CalculatorApp.iOS\CalculatorApp.iOS.csproj", "{268AB3AC-E833-41EB-8F38-4C24CD991A4C}"
EndProject
Project("{FAE04EC0-301F-11D3-BF4B-00C04F79EFBC}") = "CalculatorApp.WinPhone", "CalculatorApp\CalculatorApp.WinPhone\CalculatorApp.WinPhone.csproj", "{8B30BA5C-84B2-4630-8CCE-6C59AAB53E66}"
EndProject
Project("{FAE04EC0-301F-11D3-BF4B-00C04F79EFBC}") = "CalculatorApp.UWP", "CalculatorApp\CalculatorApp.UWP\CalculatorApp.UWP.csproj", "{2DFD127D-70ED-40AF-8C27-83D6BAB7F507}"
EndProject
Project("{FAE04EC0-301F-11D3-BF4B-00C04F79EFBC}") = "CalculatorApp.Windows", "CalculatorApp\CalculatorApp.Windows\CalculatorApp.Windows.csproj", "{3EB22181-2C9D-4D32-9EEF-F3FD1AA8126C}"
EndProject
Global
	GlobalSection(SolutionConfigurationPlatforms) = preSolution
		Ad-Hoc|Any CPU = Ad-Hoc|Any CPU
		Ad-Hoc|ARM = Ad-Hoc|ARM
		Ad-Hoc|iPhone = Ad-Hoc|iPhone
		Ad-Hoc|iPhoneSimulator = Ad-Hoc|iPhoneSimulator
		Ad-Hoc|x64 = Ad-Hoc|x64
		Ad-Hoc|x86 = Ad-Hoc|x86
		AppStore|Any CPU = AppStore|Any CPU
		AppStore|ARM = AppStore|ARM
		AppStore|iPhone = AppStore|iPhone
		AppStore|iPhoneSimulator = AppStore|iPhoneSimulator
		AppStore|x64 = AppStore|x64
		AppStore|x86 = AppStore|x86
		Debug|Any CPU = Debug|Any CPU
		Debug|ARM = Debug|ARM
		Debug|iPhone = Debug|iPhone
		Debug|iPhoneSimulator = Debug|iPhoneSimulator
		Debug|x64 = Debug|x64
		Debug|x86 = Debug|x86
		Release|Any CPU = Release|Any CPU
		Release|ARM = Release|ARM
		Release|iPhone = Release|iPhone
		Release|iPhoneSimulator = Release|iPhoneSimulator
		Release|x64 = Release|x64
		Release|x86 = Release|x86
	EndGlobalSection
	GlobalSection(ProjectConfigurationPlatforms) = postSolution
		{C0CC47E1-FB2F-4047-B0D0-0EDF35326726}.Ad-Hoc|Any CPU.ActiveCfg = Release|Any CPU
		{C0CC47E1-FB2F-4047-B0D0-0EDF35326726}.Ad-Hoc|Any CPU.Build.0 = Release|Any CPU
		{C0CC47E1-FB2F-4047-B0D0-0EDF35326726}.Ad-Hoc|ARM.ActiveCfg = Release|Any CPU
		{C0CC47E1-FB2F-4047-B0D0-0EDF35326726}.Ad-Hoc|ARM.Build.0 = Release|Any CPU
		{C0CC47E1-FB2F-4047-B0D0-0EDF35326726}.Ad-Hoc|iPhone.ActiveCfg = Release|Any CPU
		{C0CC47E1-FB2F-4047-B0D0-0EDF35326726}.Ad-Hoc|iPhone.Build.0 = Release|Any CPU
		{C0CC47E1-FB2F-4047-B0D0-0EDF35326726}.Ad-Hoc|iPhoneSimulator.ActiveCfg = Release|Any CPU
		{C0CC47E1-FB2F-4047-B0D0-0EDF35326726}.Ad-Hoc|iPhoneSimulator.Build.0 = Release|Any CPU
		{C0CC47E1-FB2F-4047-B0D0-0EDF35326726}.Ad-Hoc|x64.ActiveCfg = Release|Any CPU
		{C0CC47E1-FB2F-4047-B0D0-0EDF35326726}.Ad-Hoc|x64.Build.0 = Release|Any CPU
		{C0CC47E1-FB2F-4047-B0D0-0EDF35326726}.Ad-Hoc|x86.ActiveCfg = Release|Any CPU
		{C0CC47E1-FB2F-4047-B0D0-0EDF35326726}.Ad-Hoc|x86.Build.0 = Release|Any CPU
		{C0CC47E1-FB2F-4047-B0D0-0EDF35326726}.AppStore|Any CPU.ActiveCfg = Release|Any CPU
		{C0CC47E1-FB2F-4047-B0D0-0EDF35326726}.AppStore|Any CPU.Build.0 = Release|Any CPU
		{C0CC47E1-FB2F-4047-B0D0-0EDF35326726}.AppStore|ARM.ActiveCfg = Release|Any CPU
		{C0CC47E1-FB2F-4047-B0D0-0EDF35326726}.AppStore|ARM.Build.0 = Release|Any CPU
		{C0CC47E1-FB2F-4047-B0D0-0EDF35326726}.AppStore|iPhone.ActiveCfg = Release|Any CPU
		{C0CC47E1-FB2F-4047-B0D0-0EDF35326726}.AppStore|iPhone.Build.0 = Release|Any CPU
		{C0CC47E1-FB2F-4047-B0D0-0EDF35326726}.AppStore|iPhoneSimulator.ActiveCfg = Release|Any CPU
		{C0CC47E1-FB2F-4047-B0D0-0EDF35326726}.AppStore|iPhoneSimulator.Build.0 = Release|Any CPU
		{C0CC47E1-FB2F-4047-B0D0-0EDF35326726}.AppStore|x64.ActiveCfg = Release|Any CPU
		{C0CC47E1-FB2F-4047-B0D0-0EDF35326726}.AppStore|x64.Build.0 = Release|Any CPU
		{C0CC47E1-FB2F-4047-B0D0-0EDF35326726}.AppStore|x86.ActiveCfg = Release|Any CPU
		{C0CC47E1-FB2F-4047-B0D0-0EDF35326726}.AppStore|x86.Build.0 = Release|Any CPU
		{C0CC47E1-FB2F-4047-B0D0-0EDF35326726}.Debug|Any CPU.ActiveCfg = Debug|Any CPU
		{C0CC47E1-FB2F-4047-B0D0-0EDF35326726}.Debug|Any CPU.Build.0 = Debug|Any CPU
		{C0CC47E1-FB2F-4047-B0D0-0EDF35326726}.Debug|ARM.ActiveCfg = Debug|Any CPU
		{C0CC47E1-FB2F-4047-B0D0-0EDF35326726}.Debug|ARM.Build.0 = Debug|Any CPU
		{C0CC47E1-FB2F-4047-B0D0-0EDF35326726}.Debug|iPhone.ActiveCfg = Debug|Any CPU
		{C0CC47E1-FB2F-4047-B0D0-0EDF35326726}.Debug|iPhone.Build.0 = Debug|Any CPU
		{C0CC47E1-FB2F-4047-B0D0-0EDF35326726}.Debug|iPhoneSimulator.ActiveCfg = Debug|Any CPU
		{C0CC47E1-FB2F-4047-B0D0-0EDF35326726}.Debug|iPhoneSimulator.Build.0 = Debug|Any CPU
		{C0CC47E1-FB2F-4047-B0D0-0EDF35326726}.Debug|x64.ActiveCfg = Debug|Any CPU
		{C0CC47E1-FB2F-4047-B0D0-0EDF35326726}.Debug|x64.Build.0 = Debug|Any CPU
		{C0CC47E1-FB2F-4047-B0D0-0EDF35326726}.Debug|x86.ActiveCfg = Debug|Any CPU
		{C0CC47E1-FB2F-4047-B0D0-0EDF35326726}.Debug|x86.Build.0 = Debug|Any CPU
		{C0CC47E1-FB2F-4047-B0D0-0EDF35326726}.Release|Any CPU.ActiveCfg = Release|Any CPU
		{C0CC47E1-FB2F-4047-B0D0-0EDF35326726}.Release|Any CPU.Build.0 = Release|Any CPU
		{C0CC47E1-FB2F-4047-B0D0-0EDF35326726}.Release|ARM.ActiveCfg = Release|Any CPU
		{C0CC47E1-FB2F-4047-B0D0-0EDF35326726}.Release|ARM.Build.0 = Release|Any CPU
		{C0CC47E1-FB2F-4047-B0D0-0EDF35326726}.Release|iPhone.ActiveCfg = Release|Any CPU
		{C0CC47E1-FB2F-4047-B0D0-0EDF35326726}.Release|iPhone.Build.0 = Release|Any CPU
		{C0CC47E1-FB2F-4047-B0D0-0EDF35326726}.Release|iPhoneSimulator.ActiveCfg = Release|Any CPU
		{C0CC47E1-FB2F-4047-B0D0-0EDF35326726}.Release|iPhoneSimulator.Build.0 = Release|Any CPU
		{C0CC47E1-FB2F-4047-B0D0-0EDF35326726}.Release|x64.ActiveCfg = Release|Any CPU
		{C0CC47E1-FB2F-4047-B0D0-0EDF35326726}.Release|x64.Build.0 = Release|Any CPU
		{C0CC47E1-FB2F-4047-B0D0-0EDF35326726}.Release|x86.ActiveCfg = Release|Any CPU
		{C0CC47E1-FB2F-4047-B0D0-0EDF35326726}.Release|x86.Build.0 = Release|Any CPU
		{5A2AB06F-6D11-4CFE-AA24-0B844F6E18D1}.Ad-Hoc|Any CPU.ActiveCfg = Release|Any CPU
		{5A2AB06F-6D11-4CFE-AA24-0B844F6E18D1}.Ad-Hoc|Any CPU.Build.0 = Release|Any CPU
		{5A2AB06F-6D11-4CFE-AA24-0B844F6E18D1}.Ad-Hoc|Any CPU.Deploy.0 = Release|Any CPU
		{5A2AB06F-6D11-4CFE-AA24-0B844F6E18D1}.Ad-Hoc|ARM.ActiveCfg = Release|Any CPU
		{5A2AB06F-6D11-4CFE-AA24-0B844F6E18D1}.Ad-Hoc|ARM.Build.0 = Release|Any CPU
		{5A2AB06F-6D11-4CFE-AA24-0B844F6E18D1}.Ad-Hoc|ARM.Deploy.0 = Release|Any CPU
		{5A2AB06F-6D11-4CFE-AA24-0B844F6E18D1}.Ad-Hoc|iPhone.ActiveCfg = Release|Any CPU
		{5A2AB06F-6D11-4CFE-AA24-0B844F6E18D1}.Ad-Hoc|iPhone.Build.0 = Release|Any CPU
		{5A2AB06F-6D11-4CFE-AA24-0B844F6E18D1}.Ad-Hoc|iPhone.Deploy.0 = Release|Any CPU
		{5A2AB06F-6D11-4CFE-AA24-0B844F6E18D1}.Ad-Hoc|iPhoneSimulator.ActiveCfg = Release|Any CPU
		{5A2AB06F-6D11-4CFE-AA24-0B844F6E18D1}.Ad-Hoc|iPhoneSimulator.Build.0 = Release|Any CPU
		{5A2AB06F-6D11-4CFE-AA24-0B844F6E18D1}.Ad-Hoc|iPhoneSimulator.Deploy.0 = Release|Any CPU
		{5A2AB06F-6D11-4CFE-AA24-0B844F6E18D1}.Ad-Hoc|x64.ActiveCfg = Release|Any CPU
		{5A2AB06F-6D11-4CFE-AA24-0B844F6E18D1}.Ad-Hoc|x64.Build.0 = Release|Any CPU
		{5A2AB06F-6D11-4CFE-AA24-0B844F6E18D1}.Ad-Hoc|x64.Deploy.0 = Release|Any CPU
		{5A2AB06F-6D11-4CFE-AA24-0B844F6E18D1}.Ad-Hoc|x86.ActiveCfg = Release|Any CPU
		{5A2AB06F-6D11-4CFE-AA24-0B844F6E18D1}.Ad-Hoc|x86.Build.0 = Release|Any CPU
		{5A2AB06F-6D11-4CFE-AA24-0B844F6E18D1}.Ad-Hoc|x86.Deploy.0 = Release|Any CPU
		{5A2AB06F-6D11-4CFE-AA24-0B844F6E18D1}.AppStore|Any CPU.ActiveCfg = Release|Any CPU
		{5A2AB06F-6D11-4CFE-AA24-0B844F6E18D1}.AppStore|Any CPU.Build.0 = Release|Any CPU
		{5A2AB06F-6D11-4CFE-AA24-0B844F6E18D1}.AppStore|Any CPU.Deploy.0 = Release|Any CPU
		{5A2AB06F-6D11-4CFE-AA24-0B844F6E18D1}.AppStore|ARM.ActiveCfg = Release|Any CPU
		{5A2AB06F-6D11-4CFE-AA24-0B844F6E18D1}.AppStore|ARM.Build.0 = Release|Any CPU
		{5A2AB06F-6D11-4CFE-AA24-0B844F6E18D1}.AppStore|ARM.Deploy.0 = Release|Any CPU
		{5A2AB06F-6D11-4CFE-AA24-0B844F6E18D1}.AppStore|iPhone.ActiveCfg = Release|Any CPU
		{5A2AB06F-6D11-4CFE-AA24-0B844F6E18D1}.AppStore|iPhone.Build.0 = Release|Any CPU
		{5A2AB06F-6D11-4CFE-AA24-0B844F6E18D1}.AppStore|iPhone.Deploy.0 = Release|Any CPU
		{5A2AB06F-6D11-4CFE-AA24-0B844F6E18D1}.AppStore|iPhoneSimulator.ActiveCfg = Release|Any CPU
		{5A2AB06F-6D11-4CFE-AA24-0B844F6E18D1}.AppStore|iPhoneSimulator.Build.0 = Release|Any CPU
		{5A2AB06F-6D11-4CFE-AA24-0B844F6E18D1}.AppStore|iPhoneSimulator.Deploy.0 = Release|Any CPU
		{5A2AB06F-6D11-4CFE-AA24-0B844F6E18D1}.AppStore|x64.ActiveCfg = Release|Any CPU
		{5A2AB06F-6D11-4CFE-AA24-0B844F6E18D1}.AppStore|x64.Build.0 = Release|Any CPU
		{5A2AB06F-6D11-4CFE-AA24-0B844F6E18D1}.AppStore|x64.Deploy.0 = Release|Any CPU
		{5A2AB06F-6D11-4CFE-AA24-0B844F6E18D1}.AppStore|x86.ActiveCfg = Release|Any CPU
		{5A2AB06F-6D11-4CFE-AA24-0B844F6E18D1}.AppStore|x86.Build.0 = Release|Any CPU
		{5A2AB06F-6D11-4CFE-AA24-0B844F6E18D1}.AppStore|x86.Deploy.0 = Release|Any CPU
		{5A2AB06F-6D11-4CFE-AA24-0B844F6E18D1}.Debug|Any CPU.ActiveCfg = Debug|Any CPU
		{5A2AB06F-6D11-4CFE-AA24-0B844F6E18D1}.Debug|Any CPU.Build.0 = Debug|Any CPU
		{5A2AB06F-6D11-4CFE-AA24-0B844F6E18D1}.Debug|Any CPU.Deploy.0 = Debug|Any CPU
		{5A2AB06F-6D11-4CFE-AA24-0B844F6E18D1}.Debug|ARM.ActiveCfg = Debug|Any CPU
		{5A2AB06F-6D11-4CFE-AA24-0B844F6E18D1}.Debug|ARM.Build.0 = Debug|Any CPU
		{5A2AB06F-6D11-4CFE-AA24-0B844F6E18D1}.Debug|ARM.Deploy.0 = Debug|Any CPU
		{5A2AB06F-6D11-4CFE-AA24-0B844F6E18D1}.Debug|iPhone.ActiveCfg = Debug|Any CPU
		{5A2AB06F-6D11-4CFE-AA24-0B844F6E18D1}.Debug|iPhone.Build.0 = Debug|Any CPU
		{5A2AB06F-6D11-4CFE-AA24-0B844F6E18D1}.Debug|iPhone.Deploy.0 = Debug|Any CPU
		{5A2AB06F-6D11-4CFE-AA24-0B844F6E18D1}.Debug|iPhoneSimulator.ActiveCfg = Debug|Any CPU
		{5A2AB06F-6D11-4CFE-AA24-0B844F6E18D1}.Debug|iPhoneSimulator.Build.0 = Debug|Any CPU
		{5A2AB06F-6D11-4CFE-AA24-0B844F6E18D1}.Debug|iPhoneSimulator.Deploy.0 = Debug|Any CPU
		{5A2AB06F-6D11-4CFE-AA24-0B844F6E18D1}.Debug|x64.ActiveCfg = Debug|Any CPU
		{5A2AB06F-6D11-4CFE-AA24-0B844F6E18D1}.Debug|x64.Build.0 = Debug|Any CPU
		{5A2AB06F-6D11-4CFE-AA24-0B844F6E18D1}.Debug|x64.Deploy.0 = Debug|Any CPU
		{5A2AB06F-6D11-4CFE-AA24-0B844F6E18D1}.Debug|x86.ActiveCfg = Debug|Any CPU
		{5A2AB06F-6D11-4CFE-AA24-0B844F6E18D1}.Debug|x86.Build.0 = Debug|Any CPU
		{5A2AB06F-6D11-4CFE-AA24-0B844F6E18D1}.Debug|x86.Deploy.0 = Debug|Any CPU
		{5A2AB06F-6D11-4CFE-AA24-0B844F6E18D1}.Release|Any CPU.ActiveCfg = Release|Any CPU
		{5A2AB06F-6D11-4CFE-AA24-0B844F6E18D1}.Release|Any CPU.Build.0 = Release|Any CPU
		{5A2AB06F-6D11-4CFE-AA24-0B844F6E18D1}.Release|Any CPU.Deploy.0 = Release|Any CPU
		{5A2AB06F-6D11-4CFE-AA24-0B844F6E18D1}.Release|ARM.ActiveCfg = Release|Any CPU
		{5A2AB06F-6D11-4CFE-AA24-0B844F6E18D1}.Release|ARM.Build.0 = Release|Any CPU
		{5A2AB06F-6D11-4CFE-AA24-0B844F6E18D1}.Release|ARM.Deploy.0 = Release|Any CPU
		{5A2AB06F-6D11-4CFE-AA24-0B844F6E18D1}.Release|iPhone.ActiveCfg = Release|Any CPU
		{5A2AB06F-6D11-4CFE-AA24-0B844F6E18D1}.Release|iPhone.Build.0 = Release|Any CPU
		{5A2AB06F-6D11-4CFE-AA24-0B844F6E18D1}.Release|iPhone.Deploy.0 = Release|Any CPU
		{5A2AB06F-6D11-4CFE-AA24-0B844F6E18D1}.Release|iPhoneSimulator.ActiveCfg = Release|Any CPU
		{5A2AB06F-6D11-4CFE-AA24-0B844F6E18D1}.Release|iPhoneSimulator.Build.0 = Release|Any CPU
		{5A2AB06F-6D11-4CFE-AA24-0B844F6E18D1}.Release|iPhoneSimulator.Deploy.0 = Release|Any CPU
		{5A2AB06F-6D11-4CFE-AA24-0B844F6E18D1}.Release|x64.ActiveCfg = Release|Any CPU
		{5A2AB06F-6D11-4CFE-AA24-0B844F6E18D1}.Release|x64.Build.0 = Release|Any CPU
		{5A2AB06F-6D11-4CFE-AA24-0B844F6E18D1}.Release|x64.Deploy.0 = Release|Any CPU
		{5A2AB06F-6D11-4CFE-AA24-0B844F6E18D1}.Release|x86.ActiveCfg = Release|Any CPU
		{5A2AB06F-6D11-4CFE-AA24-0B844F6E18D1}.Release|x86.Build.0 = Release|Any CPU
		{5A2AB06F-6D11-4CFE-AA24-0B844F6E18D1}.Release|x86.Deploy.0 = Release|Any CPU
		{268AB3AC-E833-41EB-8F38-4C24CD991A4C}.Ad-Hoc|Any CPU.ActiveCfg = Ad-Hoc|iPhone
		{268AB3AC-E833-41EB-8F38-4C24CD991A4C}.Ad-Hoc|ARM.ActiveCfg = Ad-Hoc|iPhone
		{268AB3AC-E833-41EB-8F38-4C24CD991A4C}.Ad-Hoc|iPhone.ActiveCfg = Ad-Hoc|iPhone
		{268AB3AC-E833-41EB-8F38-4C24CD991A4C}.Ad-Hoc|iPhone.Build.0 = Ad-Hoc|iPhone
		{268AB3AC-E833-41EB-8F38-4C24CD991A4C}.Ad-Hoc|iPhoneSimulator.ActiveCfg = Ad-Hoc|iPhoneSimulator
		{268AB3AC-E833-41EB-8F38-4C24CD991A4C}.Ad-Hoc|iPhoneSimulator.Build.0 = Ad-Hoc|iPhoneSimulator
		{268AB3AC-E833-41EB-8F38-4C24CD991A4C}.Ad-Hoc|x64.ActiveCfg = Ad-Hoc|iPhone
		{268AB3AC-E833-41EB-8F38-4C24CD991A4C}.Ad-Hoc|x86.ActiveCfg = Ad-Hoc|iPhone
		{268AB3AC-E833-41EB-8F38-4C24CD991A4C}.AppStore|Any CPU.ActiveCfg = AppStore|iPhone
		{268AB3AC-E833-41EB-8F38-4C24CD991A4C}.AppStore|ARM.ActiveCfg = AppStore|iPhone
		{268AB3AC-E833-41EB-8F38-4C24CD991A4C}.AppStore|iPhone.ActiveCfg = AppStore|iPhone
		{268AB3AC-E833-41EB-8F38-4C24CD991A4C}.AppStore|iPhone.Build.0 = AppStore|iPhone
		{268AB3AC-E833-41EB-8F38-4C24CD991A4C}.AppStore|iPhoneSimulator.ActiveCfg = AppStore|iPhoneSimulator
		{268AB3AC-E833-41EB-8F38-4C24CD991A4C}.AppStore|iPhoneSimulator.Build.0 = AppStore|iPhoneSimulator
		{268AB3AC-E833-41EB-8F38-4C24CD991A4C}.AppStore|x64.ActiveCfg = AppStore|iPhone
		{268AB3AC-E833-41EB-8F38-4C24CD991A4C}.AppStore|x86.ActiveCfg = AppStore|iPhone
		{268AB3AC-E833-41EB-8F38-4C24CD991A4C}.Debug|Any CPU.ActiveCfg = Debug|iPhone
		{268AB3AC-E833-41EB-8F38-4C24CD991A4C}.Debug|ARM.ActiveCfg = Debug|iPhone
		{268AB3AC-E833-41EB-8F38-4C24CD991A4C}.Debug|iPhone.ActiveCfg = Debug|iPhone
		{268AB3AC-E833-41EB-8F38-4C24CD991A4C}.Debug|iPhone.Build.0 = Debug|iPhone
		{268AB3AC-E833-41EB-8F38-4C24CD991A4C}.Debug|iPhoneSimulator.ActiveCfg = Debug|iPhoneSimulator
		{268AB3AC-E833-41EB-8F38-4C24CD991A4C}.Debug|iPhoneSimulator.Build.0 = Debug|iPhoneSimulator
		{268AB3AC-E833-41EB-8F38-4C24CD991A4C}.Debug|x64.ActiveCfg = Debug|iPhone
		{268AB3AC-E833-41EB-8F38-4C24CD991A4C}.Debug|x86.ActiveCfg = Debug|iPhone
		{268AB3AC-E833-41EB-8F38-4C24CD991A4C}.Release|Any CPU.ActiveCfg = Release|iPhone
		{268AB3AC-E833-41EB-8F38-4C24CD991A4C}.Release|ARM.ActiveCfg = Release|iPhone
		{268AB3AC-E833-41EB-8F38-4C24CD991A4C}.Release|iPhone.ActiveCfg = Release|iPhone
		{268AB3AC-E833-41EB-8F38-4C24CD991A4C}.Release|iPhone.Build.0 = Release|iPhone
		{268AB3AC-E833-41EB-8F38-4C24CD991A4C}.Release|iPhoneSimulator.ActiveCfg = Release|iPhoneSimulator
		{268AB3AC-E833-41EB-8F38-4C24CD991A4C}.Release|iPhoneSimulator.Build.0 = Release|iPhoneSimulator
		{268AB3AC-E833-41EB-8F38-4C24CD991A4C}.Release|x64.ActiveCfg = Release|iPhone
		{268AB3AC-E833-41EB-8F38-4C24CD991A4C}.Release|x86.ActiveCfg = Release|iPhone
		{8B30BA5C-84B2-4630-8CCE-6C59AAB53E66}.Ad-Hoc|Any CPU.ActiveCfg = Release|Any CPU
		{8B30BA5C-84B2-4630-8CCE-6C59AAB53E66}.Ad-Hoc|Any CPU.Build.0 = Release|Any CPU
		{8B30BA5C-84B2-4630-8CCE-6C59AAB53E66}.Ad-Hoc|Any CPU.Deploy.0 = Release|Any CPU
		{8B30BA5C-84B2-4630-8CCE-6C59AAB53E66}.Ad-Hoc|ARM.ActiveCfg = Release|ARM
		{8B30BA5C-84B2-4630-8CCE-6C59AAB53E66}.Ad-Hoc|ARM.Build.0 = Release|ARM
		{8B30BA5C-84B2-4630-8CCE-6C59AAB53E66}.Ad-Hoc|ARM.Deploy.0 = Release|ARM
		{8B30BA5C-84B2-4630-8CCE-6C59AAB53E66}.Ad-Hoc|iPhone.ActiveCfg = Release|Any CPU
		{8B30BA5C-84B2-4630-8CCE-6C59AAB53E66}.Ad-Hoc|iPhone.Build.0 = Release|Any CPU
		{8B30BA5C-84B2-4630-8CCE-6C59AAB53E66}.Ad-Hoc|iPhone.Deploy.0 = Release|Any CPU
		{8B30BA5C-84B2-4630-8CCE-6C59AAB53E66}.Ad-Hoc|iPhoneSimulator.ActiveCfg = Release|Any CPU
		{8B30BA5C-84B2-4630-8CCE-6C59AAB53E66}.Ad-Hoc|iPhoneSimulator.Build.0 = Release|Any CPU
		{8B30BA5C-84B2-4630-8CCE-6C59AAB53E66}.Ad-Hoc|iPhoneSimulator.Deploy.0 = Release|Any CPU
		{8B30BA5C-84B2-4630-8CCE-6C59AAB53E66}.Ad-Hoc|x64.ActiveCfg = Release|Any CPU
		{8B30BA5C-84B2-4630-8CCE-6C59AAB53E66}.Ad-Hoc|x64.Build.0 = Release|Any CPU
		{8B30BA5C-84B2-4630-8CCE-6C59AAB53E66}.Ad-Hoc|x64.Deploy.0 = Release|Any CPU
		{8B30BA5C-84B2-4630-8CCE-6C59AAB53E66}.Ad-Hoc|x86.ActiveCfg = Release|x86
		{8B30BA5C-84B2-4630-8CCE-6C59AAB53E66}.Ad-Hoc|x86.Build.0 = Release|x86
		{8B30BA5C-84B2-4630-8CCE-6C59AAB53E66}.Ad-Hoc|x86.Deploy.0 = Release|x86
		{8B30BA5C-84B2-4630-8CCE-6C59AAB53E66}.AppStore|Any CPU.ActiveCfg = Release|Any CPU
		{8B30BA5C-84B2-4630-8CCE-6C59AAB53E66}.AppStore|Any CPU.Build.0 = Release|Any CPU
		{8B30BA5C-84B2-4630-8CCE-6C59AAB53E66}.AppStore|Any CPU.Deploy.0 = Release|Any CPU
		{8B30BA5C-84B2-4630-8CCE-6C59AAB53E66}.AppStore|ARM.ActiveCfg = Release|ARM
		{8B30BA5C-84B2-4630-8CCE-6C59AAB53E66}.AppStore|ARM.Build.0 = Release|ARM
		{8B30BA5C-84B2-4630-8CCE-6C59AAB53E66}.AppStore|ARM.Deploy.0 = Release|ARM
		{8B30BA5C-84B2-4630-8CCE-6C59AAB53E66}.AppStore|iPhone.ActiveCfg = Release|Any CPU
		{8B30BA5C-84B2-4630-8CCE-6C59AAB53E66}.AppStore|iPhone.Build.0 = Release|Any CPU
		{8B30BA5C-84B2-4630-8CCE-6C59AAB53E66}.AppStore|iPhone.Deploy.0 = Release|Any CPU
		{8B30BA5C-84B2-4630-8CCE-6C59AAB53E66}.AppStore|iPhoneSimulator.ActiveCfg = Release|Any CPU
		{8B30BA5C-84B2-4630-8CCE-6C59AAB53E66}.AppStore|iPhoneSimulator.Build.0 = Release|Any CPU
		{8B30BA5C-84B2-4630-8CCE-6C59AAB53E66}.AppStore|iPhoneSimulator.Deploy.0 = Release|Any CPU
		{8B30BA5C-84B2-4630-8CCE-6C59AAB53E66}.AppStore|x64.ActiveCfg = Release|Any CPU
		{8B30BA5C-84B2-4630-8CCE-6C59AAB53E66}.AppStore|x64.Build.0 = Release|Any CPU
		{8B30BA5C-84B2-4630-8CCE-6C59AAB53E66}.AppStore|x64.Deploy.0 = Release|Any CPU
		{8B30BA5C-84B2-4630-8CCE-6C59AAB53E66}.AppStore|x86.ActiveCfg = Release|x86
		{8B30BA5C-84B2-4630-8CCE-6C59AAB53E66}.AppStore|x86.Build.0 = Release|x86
		{8B30BA5C-84B2-4630-8CCE-6C59AAB53E66}.AppStore|x86.Deploy.0 = Release|x86
		{8B30BA5C-84B2-4630-8CCE-6C59AAB53E66}.Debug|Any CPU.ActiveCfg = Debug|Any CPU
		{8B30BA5C-84B2-4630-8CCE-6C59AAB53E66}.Debug|Any CPU.Build.0 = Debug|Any CPU
		{8B30BA5C-84B2-4630-8CCE-6C59AAB53E66}.Debug|Any CPU.Deploy.0 = Debug|Any CPU
		{8B30BA5C-84B2-4630-8CCE-6C59AAB53E66}.Debug|ARM.ActiveCfg = Debug|ARM
		{8B30BA5C-84B2-4630-8CCE-6C59AAB53E66}.Debug|ARM.Build.0 = Debug|ARM
		{8B30BA5C-84B2-4630-8CCE-6C59AAB53E66}.Debug|ARM.Deploy.0 = Debug|ARM
		{8B30BA5C-84B2-4630-8CCE-6C59AAB53E66}.Debug|iPhone.ActiveCfg = Debug|Any CPU
		{8B30BA5C-84B2-4630-8CCE-6C59AAB53E66}.Debug|iPhone.Build.0 = Debug|Any CPU
		{8B30BA5C-84B2-4630-8CCE-6C59AAB53E66}.Debug|iPhone.Deploy.0 = Debug|Any CPU
		{8B30BA5C-84B2-4630-8CCE-6C59AAB53E66}.Debug|iPhoneSimulator.ActiveCfg = Debug|Any CPU
		{8B30BA5C-84B2-4630-8CCE-6C59AAB53E66}.Debug|iPhoneSimulator.Build.0 = Debug|Any CPU
		{8B30BA5C-84B2-4630-8CCE-6C59AAB53E66}.Debug|iPhoneSimulator.Deploy.0 = Debug|Any CPU
		{8B30BA5C-84B2-4630-8CCE-6C59AAB53E66}.Debug|x64.ActiveCfg = Debug|Any CPU
		{8B30BA5C-84B2-4630-8CCE-6C59AAB53E66}.Debug|x64.Build.0 = Debug|Any CPU
		{8B30BA5C-84B2-4630-8CCE-6C59AAB53E66}.Debug|x64.Deploy.0 = Debug|Any CPU
		{8B30BA5C-84B2-4630-8CCE-6C59AAB53E66}.Debug|x86.ActiveCfg = Debug|x86
		{8B30BA5C-84B2-4630-8CCE-6C59AAB53E66}.Debug|x86.Build.0 = Debug|x86
		{8B30BA5C-84B2-4630-8CCE-6C59AAB53E66}.Debug|x86.Deploy.0 = Debug|x86
		{8B30BA5C-84B2-4630-8CCE-6C59AAB53E66}.Release|Any CPU.ActiveCfg = Release|Any CPU
		{8B30BA5C-84B2-4630-8CCE-6C59AAB53E66}.Release|Any CPU.Build.0 = Release|Any CPU
		{8B30BA5C-84B2-4630-8CCE-6C59AAB53E66}.Release|Any CPU.Deploy.0 = Release|Any CPU
		{8B30BA5C-84B2-4630-8CCE-6C59AAB53E66}.Release|ARM.ActiveCfg = Release|ARM
		{8B30BA5C-84B2-4630-8CCE-6C59AAB53E66}.Release|ARM.Build.0 = Release|ARM
		{8B30BA5C-84B2-4630-8CCE-6C59AAB53E66}.Release|ARM.Deploy.0 = Release|ARM
		{8B30BA5C-84B2-4630-8CCE-6C59AAB53E66}.Release|iPhone.ActiveCfg = Release|Any CPU
		{8B30BA5C-84B2-4630-8CCE-6C59AAB53E66}.Release|iPhone.Build.0 = Release|Any CPU
		{8B30BA5C-84B2-4630-8CCE-6C59AAB53E66}.Release|iPhone.Deploy.0 = Release|Any CPU
		{8B30BA5C-84B2-4630-8CCE-6C59AAB53E66}.Release|iPhoneSimulator.ActiveCfg = Release|Any CPU
		{8B30BA5C-84B2-4630-8CCE-6C59AAB53E66}.Release|iPhoneSimulator.Build.0 = Release|Any CPU
		{8B30BA5C-84B2-4630-8CCE-6C59AAB53E66}.Release|iPhoneSimulator.Deploy.0 = Release|Any CPU
		{8B30BA5C-84B2-4630-8CCE-6C59AAB53E66}.Release|x64.ActiveCfg = Release|Any CPU
		{8B30BA5C-84B2-4630-8CCE-6C59AAB53E66}.Release|x64.Build.0 = Release|Any CPU
		{8B30BA5C-84B2-4630-8CCE-6C59AAB53E66}.Release|x64.Deploy.0 = Release|Any CPU
		{8B30BA5C-84B2-4630-8CCE-6C59AAB53E66}.Release|x86.ActiveCfg = Release|x86
		{8B30BA5C-84B2-4630-8CCE-6C59AAB53E66}.Release|x86.Build.0 = Release|x86
		{8B30BA5C-84B2-4630-8CCE-6C59AAB53E66}.Release|x86.Deploy.0 = Release|x86
		{2DFD127D-70ED-40AF-8C27-83D6BAB7F507}.Ad-Hoc|Any CPU.ActiveCfg = Release|x86
		{2DFD127D-70ED-40AF-8C27-83D6BAB7F507}.Ad-Hoc|Any CPU.Build.0 = Release|x86
		{2DFD127D-70ED-40AF-8C27-83D6BAB7F507}.Ad-Hoc|Any CPU.Deploy.0 = Release|x86
		{2DFD127D-70ED-40AF-8C27-83D6BAB7F507}.Ad-Hoc|ARM.ActiveCfg = Release|ARM
		{2DFD127D-70ED-40AF-8C27-83D6BAB7F507}.Ad-Hoc|ARM.Build.0 = Release|ARM
		{2DFD127D-70ED-40AF-8C27-83D6BAB7F507}.Ad-Hoc|ARM.Deploy.0 = Release|ARM
		{2DFD127D-70ED-40AF-8C27-83D6BAB7F507}.Ad-Hoc|iPhone.ActiveCfg = Release|x86
		{2DFD127D-70ED-40AF-8C27-83D6BAB7F507}.Ad-Hoc|iPhone.Build.0 = Release|x86
		{2DFD127D-70ED-40AF-8C27-83D6BAB7F507}.Ad-Hoc|iPhone.Deploy.0 = Release|x86
		{2DFD127D-70ED-40AF-8C27-83D6BAB7F507}.Ad-Hoc|iPhoneSimulator.ActiveCfg = Release|x86
		{2DFD127D-70ED-40AF-8C27-83D6BAB7F507}.Ad-Hoc|iPhoneSimulator.Build.0 = Release|x86
		{2DFD127D-70ED-40AF-8C27-83D6BAB7F507}.Ad-Hoc|iPhoneSimulator.Deploy.0 = Release|x86
		{2DFD127D-70ED-40AF-8C27-83D6BAB7F507}.Ad-Hoc|x64.ActiveCfg = Release|x64
		{2DFD127D-70ED-40AF-8C27-83D6BAB7F507}.Ad-Hoc|x64.Build.0 = Release|x64
		{2DFD127D-70ED-40AF-8C27-83D6BAB7F507}.Ad-Hoc|x64.Deploy.0 = Release|x64
		{2DFD127D-70ED-40AF-8C27-83D6BAB7F507}.Ad-Hoc|x86.ActiveCfg = Release|x86
		{2DFD127D-70ED-40AF-8C27-83D6BAB7F507}.Ad-Hoc|x86.Build.0 = Release|x86
		{2DFD127D-70ED-40AF-8C27-83D6BAB7F507}.Ad-Hoc|x86.Deploy.0 = Release|x86
		{2DFD127D-70ED-40AF-8C27-83D6BAB7F507}.AppStore|Any CPU.ActiveCfg = Release|x86
		{2DFD127D-70ED-40AF-8C27-83D6BAB7F507}.AppStore|Any CPU.Build.0 = Release|x86
		{2DFD127D-70ED-40AF-8C27-83D6BAB7F507}.AppStore|Any CPU.Deploy.0 = Release|x86
		{2DFD127D-70ED-40AF-8C27-83D6BAB7F507}.AppStore|ARM.ActiveCfg = Release|ARM
		{2DFD127D-70ED-40AF-8C27-83D6BAB7F507}.AppStore|ARM.Build.0 = Release|ARM
		{2DFD127D-70ED-40AF-8C27-83D6BAB7F507}.AppStore|ARM.Deploy.0 = Release|ARM
		{2DFD127D-70ED-40AF-8C27-83D6BAB7F507}.AppStore|iPhone.ActiveCfg = Release|x86
		{2DFD127D-70ED-40AF-8C27-83D6BAB7F507}.AppStore|iPhone.Build.0 = Release|x86
		{2DFD127D-70ED-40AF-8C27-83D6BAB7F507}.AppStore|iPhone.Deploy.0 = Release|x86
		{2DFD127D-70ED-40AF-8C27-83D6BAB7F507}.AppStore|iPhoneSimulator.ActiveCfg = Release|x86
		{2DFD127D-70ED-40AF-8C27-83D6BAB7F507}.AppStore|iPhoneSimulator.Build.0 = Release|x86
		{2DFD127D-70ED-40AF-8C27-83D6BAB7F507}.AppStore|iPhoneSimulator.Deploy.0 = Release|x86
		{2DFD127D-70ED-40AF-8C27-83D6BAB7F507}.AppStore|x64.ActiveCfg = Release|x64
		{2DFD127D-70ED-40AF-8C27-83D6BAB7F507}.AppStore|x64.Build.0 = Release|x64
		{2DFD127D-70ED-40AF-8C27-83D6BAB7F507}.AppStore|x64.Deploy.0 = Release|x64
		{2DFD127D-70ED-40AF-8C27-83D6BAB7F507}.AppStore|x86.ActiveCfg = Release|x86
		{2DFD127D-70ED-40AF-8C27-83D6BAB7F507}.AppStore|x86.Build.0 = Release|x86
		{2DFD127D-70ED-40AF-8C27-83D6BAB7F507}.AppStore|x86.Deploy.0 = Release|x86
		{2DFD127D-70ED-40AF-8C27-83D6BAB7F507}.Debug|Any CPU.ActiveCfg = Debug|x86
		{2DFD127D-70ED-40AF-8C27-83D6BAB7F507}.Debug|ARM.ActiveCfg = Debug|ARM
		{2DFD127D-70ED-40AF-8C27-83D6BAB7F507}.Debug|ARM.Build.0 = Debug|ARM
		{2DFD127D-70ED-40AF-8C27-83D6BAB7F507}.Debug|ARM.Deploy.0 = Debug|ARM
		{2DFD127D-70ED-40AF-8C27-83D6BAB7F507}.Debug|iPhone.ActiveCfg = Debug|x86
		{2DFD127D-70ED-40AF-8C27-83D6BAB7F507}.Debug|iPhoneSimulator.ActiveCfg = Debug|x86
		{2DFD127D-70ED-40AF-8C27-83D6BAB7F507}.Debug|x64.ActiveCfg = Debug|x64
		{2DFD127D-70ED-40AF-8C27-83D6BAB7F507}.Debug|x64.Build.0 = Debug|x64
		{2DFD127D-70ED-40AF-8C27-83D6BAB7F507}.Debug|x64.Deploy.0 = Debug|x64
		{2DFD127D-70ED-40AF-8C27-83D6BAB7F507}.Debug|x86.ActiveCfg = Debug|x86
		{2DFD127D-70ED-40AF-8C27-83D6BAB7F507}.Debug|x86.Build.0 = Debug|x86
		{2DFD127D-70ED-40AF-8C27-83D6BAB7F507}.Debug|x86.Deploy.0 = Debug|x86
		{2DFD127D-70ED-40AF-8C27-83D6BAB7F507}.Release|Any CPU.ActiveCfg = Release|x86
		{2DFD127D-70ED-40AF-8C27-83D6BAB7F507}.Release|ARM.ActiveCfg = Release|ARM
		{2DFD127D-70ED-40AF-8C27-83D6BAB7F507}.Release|ARM.Build.0 = Release|ARM
		{2DFD127D-70ED-40AF-8C27-83D6BAB7F507}.Release|ARM.Deploy.0 = Release|ARM
		{2DFD127D-70ED-40AF-8C27-83D6BAB7F507}.Release|iPhone.ActiveCfg = Release|x86
		{2DFD127D-70ED-40AF-8C27-83D6BAB7F507}.Release|iPhoneSimulator.ActiveCfg = Release|x86
		{2DFD127D-70ED-40AF-8C27-83D6BAB7F507}.Release|x64.ActiveCfg = Release|x64
		{2DFD127D-70ED-40AF-8C27-83D6BAB7F507}.Release|x64.Build.0 = Release|x64
		{2DFD127D-70ED-40AF-8C27-83D6BAB7F507}.Release|x64.Deploy.0 = Release|x64
		{2DFD127D-70ED-40AF-8C27-83D6BAB7F507}.Release|x86.ActiveCfg = Release|x86
		{2DFD127D-70ED-40AF-8C27-83D6BAB7F507}.Release|x86.Build.0 = Release|x86
		{2DFD127D-70ED-40AF-8C27-83D6BAB7F507}.Release|x86.Deploy.0 = Release|x86
		{3EB22181-2C9D-4D32-9EEF-F3FD1AA8126C}.Ad-Hoc|Any CPU.ActiveCfg = Release|Any CPU
		{3EB22181-2C9D-4D32-9EEF-F3FD1AA8126C}.Ad-Hoc|Any CPU.Build.0 = Release|Any CPU
		{3EB22181-2C9D-4D32-9EEF-F3FD1AA8126C}.Ad-Hoc|Any CPU.Deploy.0 = Release|Any CPU
		{3EB22181-2C9D-4D32-9EEF-F3FD1AA8126C}.Ad-Hoc|ARM.ActiveCfg = Release|ARM
		{3EB22181-2C9D-4D32-9EEF-F3FD1AA8126C}.Ad-Hoc|ARM.Build.0 = Release|ARM
		{3EB22181-2C9D-4D32-9EEF-F3FD1AA8126C}.Ad-Hoc|ARM.Deploy.0 = Release|ARM
		{3EB22181-2C9D-4D32-9EEF-F3FD1AA8126C}.Ad-Hoc|iPhone.ActiveCfg = Release|Any CPU
		{3EB22181-2C9D-4D32-9EEF-F3FD1AA8126C}.Ad-Hoc|iPhone.Build.0 = Release|Any CPU
		{3EB22181-2C9D-4D32-9EEF-F3FD1AA8126C}.Ad-Hoc|iPhone.Deploy.0 = Release|Any CPU
		{3EB22181-2C9D-4D32-9EEF-F3FD1AA8126C}.Ad-Hoc|iPhoneSimulator.ActiveCfg = Release|Any CPU
		{3EB22181-2C9D-4D32-9EEF-F3FD1AA8126C}.Ad-Hoc|iPhoneSimulator.Build.0 = Release|Any CPU
		{3EB22181-2C9D-4D32-9EEF-F3FD1AA8126C}.Ad-Hoc|iPhoneSimulator.Deploy.0 = Release|Any CPU
		{3EB22181-2C9D-4D32-9EEF-F3FD1AA8126C}.Ad-Hoc|x64.ActiveCfg = Release|x64
		{3EB22181-2C9D-4D32-9EEF-F3FD1AA8126C}.Ad-Hoc|x64.Build.0 = Release|x64
		{3EB22181-2C9D-4D32-9EEF-F3FD1AA8126C}.Ad-Hoc|x64.Deploy.0 = Release|x64
		{3EB22181-2C9D-4D32-9EEF-F3FD1AA8126C}.Ad-Hoc|x86.ActiveCfg = Release|x86
		{3EB22181-2C9D-4D32-9EEF-F3FD1AA8126C}.Ad-Hoc|x86.Build.0 = Release|x86
		{3EB22181-2C9D-4D32-9EEF-F3FD1AA8126C}.Ad-Hoc|x86.Deploy.0 = Release|x86
		{3EB22181-2C9D-4D32-9EEF-F3FD1AA8126C}.AppStore|Any CPU.ActiveCfg = Release|Any CPU
		{3EB22181-2C9D-4D32-9EEF-F3FD1AA8126C}.AppStore|Any CPU.Build.0 = Release|Any CPU
		{3EB22181-2C9D-4D32-9EEF-F3FD1AA8126C}.AppStore|Any CPU.Deploy.0 = Release|Any CPU
		{3EB22181-2C9D-4D32-9EEF-F3FD1AA8126C}.AppStore|ARM.ActiveCfg = Release|ARM
		{3EB22181-2C9D-4D32-9EEF-F3FD1AA8126C}.AppStore|ARM.Build.0 = Release|ARM
		{3EB22181-2C9D-4D32-9EEF-F3FD1AA8126C}.AppStore|ARM.Deploy.0 = Release|ARM
		{3EB22181-2C9D-4D32-9EEF-F3FD1AA8126C}.AppStore|iPhone.ActiveCfg = Release|Any CPU
		{3EB22181-2C9D-4D32-9EEF-F3FD1AA8126C}.AppStore|iPhone.Build.0 = Release|Any CPU
		{3EB22181-2C9D-4D32-9EEF-F3FD1AA8126C}.AppStore|iPhone.Deploy.0 = Release|Any CPU
		{3EB22181-2C9D-4D32-9EEF-F3FD1AA8126C}.AppStore|iPhoneSimulator.ActiveCfg = Release|Any CPU
		{3EB22181-2C9D-4D32-9EEF-F3FD1AA8126C}.AppStore|iPhoneSimulator.Build.0 = Release|Any CPU
		{3EB22181-2C9D-4D32-9EEF-F3FD1AA8126C}.AppStore|iPhoneSimulator.Deploy.0 = Release|Any CPU
		{3EB22181-2C9D-4D32-9EEF-F3FD1AA8126C}.AppStore|x64.ActiveCfg = Release|x64
		{3EB22181-2C9D-4D32-9EEF-F3FD1AA8126C}.AppStore|x64.Build.0 = Release|x64
		{3EB22181-2C9D-4D32-9EEF-F3FD1AA8126C}.AppStore|x64.Deploy.0 = Release|x64
		{3EB22181-2C9D-4D32-9EEF-F3FD1AA8126C}.AppStore|x86.ActiveCfg = Release|x86
		{3EB22181-2C9D-4D32-9EEF-F3FD1AA8126C}.AppStore|x86.Build.0 = Release|x86
		{3EB22181-2C9D-4D32-9EEF-F3FD1AA8126C}.AppStore|x86.Deploy.0 = Release|x86
		{3EB22181-2C9D-4D32-9EEF-F3FD1AA8126C}.Debug|Any CPU.ActiveCfg = Debug|Any CPU
		{3EB22181-2C9D-4D32-9EEF-F3FD1AA8126C}.Debug|Any CPU.Build.0 = Debug|Any CPU
		{3EB22181-2C9D-4D32-9EEF-F3FD1AA8126C}.Debug|Any CPU.Deploy.0 = Debug|Any CPU
		{3EB22181-2C9D-4D32-9EEF-F3FD1AA8126C}.Debug|ARM.ActiveCfg = Debug|ARM
		{3EB22181-2C9D-4D32-9EEF-F3FD1AA8126C}.Debug|ARM.Build.0 = Debug|ARM
		{3EB22181-2C9D-4D32-9EEF-F3FD1AA8126C}.Debug|ARM.Deploy.0 = Debug|ARM
		{3EB22181-2C9D-4D32-9EEF-F3FD1AA8126C}.Debug|iPhone.ActiveCfg = Debug|Any CPU
		{3EB22181-2C9D-4D32-9EEF-F3FD1AA8126C}.Debug|iPhone.Build.0 = Debug|Any CPU
		{3EB22181-2C9D-4D32-9EEF-F3FD1AA8126C}.Debug|iPhone.Deploy.0 = Debug|Any CPU
		{3EB22181-2C9D-4D32-9EEF-F3FD1AA8126C}.Debug|iPhoneSimulator.ActiveCfg = Debug|Any CPU
		{3EB22181-2C9D-4D32-9EEF-F3FD1AA8126C}.Debug|iPhoneSimulator.Build.0 = Debug|Any CPU
		{3EB22181-2C9D-4D32-9EEF-F3FD1AA8126C}.Debug|iPhoneSimulator.Deploy.0 = Debug|Any CPU
		{3EB22181-2C9D-4D32-9EEF-F3FD1AA8126C}.Debug|x64.ActiveCfg = Debug|x64
		{3EB22181-2C9D-4D32-9EEF-F3FD1AA8126C}.Debug|x64.Build.0 = Debug|x64
		{3EB22181-2C9D-4D32-9EEF-F3FD1AA8126C}.Debug|x64.Deploy.0 = Debug|x64
		{3EB22181-2C9D-4D32-9EEF-F3FD1AA8126C}.Debug|x86.ActiveCfg = Debug|x86
		{3EB22181-2C9D-4D32-9EEF-F3FD1AA8126C}.Debug|x86.Build.0 = Debug|x86
		{3EB22181-2C9D-4D32-9EEF-F3FD1AA8126C}.Debug|x86.Deploy.0 = Debug|x86
		{3EB22181-2C9D-4D32-9EEF-F3FD1AA8126C}.Release|Any CPU.ActiveCfg = Release|Any CPU
		{3EB22181-2C9D-4D32-9EEF-F3FD1AA8126C}.Release|Any CPU.Build.0 = Release|Any CPU
		{3EB22181-2C9D-4D32-9EEF-F3FD1AA8126C}.Release|Any CPU.Deploy.0 = Release|Any CPU
		{3EB22181-2C9D-4D32-9EEF-F3FD1AA8126C}.Release|ARM.ActiveCfg = Release|ARM
		{3EB22181-2C9D-4D32-9EEF-F3FD1AA8126C}.Release|ARM.Build.0 = Release|ARM
		{3EB22181-2C9D-4D32-9EEF-F3FD1AA8126C}.Release|ARM.Deploy.0 = Release|ARM
		{3EB22181-2C9D-4D32-9EEF-F3FD1AA8126C}.Release|iPhone.ActiveCfg = Release|Any CPU
		{3EB22181-2C9D-4D32-9EEF-F3FD1AA8126C}.Release|iPhone.Build.0 = Release|Any CPU
		{3EB22181-2C9D-4D32-9EEF-F3FD1AA8126C}.Release|iPhone.Deploy.0 = Release|Any CPU
		{3EB22181-2C9D-4D32-9EEF-F3FD1AA8126C}.Release|iPhoneSimulator.ActiveCfg = Release|Any CPU
		{3EB22181-2C9D-4D32-9EEF-F3FD1AA8126C}.Release|iPhoneSimulator.Build.0 = Release|Any CPU
		{3EB22181-2C9D-4D32-9EEF-F3FD1AA8126C}.Release|iPhoneSimulator.Deploy.0 = Release|Any CPU
		{3EB22181-2C9D-4D32-9EEF-F3FD1AA8126C}.Release|x64.ActiveCfg = Release|x64
		{3EB22181-2C9D-4D32-9EEF-F3FD1AA8126C}.Release|x64.Build.0 = Release|x64
		{3EB22181-2C9D-4D32-9EEF-F3FD1AA8126C}.Release|x64.Deploy.0 = Release|x64
		{3EB22181-2C9D-4D32-9EEF-F3FD1AA8126C}.Release|x86.ActiveCfg = Release|x86
		{3EB22181-2C9D-4D32-9EEF-F3FD1AA8126C}.Release|x86.Build.0 = Release|x86
		{3EB22181-2C9D-4D32-9EEF-F3FD1AA8126C}.Release|x86.Deploy.0 = Release|x86
	EndGlobalSection
	GlobalSection(SolutionProperties) = preSolution
		HideSolutionNode = FALSE
	EndGlobalSection
EndGlobal
